
Microsoft Visual Studio Solution File, Format Version 12.00
# Visual Studio Version 17
VisualStudioVersion = 17.4.33403.182
MinimumVisualStudioVersion = 10.0.40219.1
Project("{FAE04EC0-301F-11D3-BF4B-00C04F79EFBC}") = "Matrizen", "Matrizen.csproj", "{34C1CBB8-07BB-4151-8F87-148455ACDACE}"
EndProject
Global
	GlobalSection(SolutionConfigurationPlatforms) = preSolution
		Debug|Any CPU = Debug|Any CPU
		Release|Any CPU = Release|Any CPU
	EndGlobalSection
	GlobalSection(ProjectConfigurationPlatforms) = postSolution
		{34C1CBB8-07BB-4151-8F87-148455ACDACE}.Debug|Any CPU.ActiveCfg = Debug|Any CPU
		{34C1CBB8-07BB-4151-8F87-148455ACDACE}.Debug|Any CPU.Build.0 = Debug|Any CPU
		{34C1CBB8-07BB-4151-8F87-148455ACDACE}.Release|Any CPU.ActiveCfg = Release|Any CPU
		{34C1CBB8-07BB-4151-8F87-148455ACDACE}.Release|Any CPU.Build.0 = Release|Any CPU
	EndGlobalSection
	GlobalSection(SolutionProperties) = preSolution
		HideSolutionNode = FALSE
	EndGlobalSection
	GlobalSection(ExtensibilityGlobals) = postSolution
		SolutionGuid = {FF537562-858E-434E-B58C-2B9F8075C1A4}
	EndGlobalSection
EndGlobal
