
Microsoft Visual Studio Solution File, Format Version 12.00
# Visual Studio Version 16
VisualStudioVersion = 16.0.33801.447
MinimumVisualStudioVersion = 10.0.40219.1
Project("{FAE04EC0-301F-11D3-BF4B-00C04F79EFBC}") = "Datenbank_Krempl", "Datenbank_Krempl.csproj", "{FCC4BE32-8E44-4A42-97BD-0506CB1864F2}"
EndProject
Global
	GlobalSection(SolutionConfigurationPlatforms) = preSolution
		Debug|Any CPU = Debug|Any CPU
		Release|Any CPU = Release|Any CPU
	EndGlobalSection
	GlobalSection(ProjectConfigurationPlatforms) = postSolution
		{FCC4BE32-8E44-4A42-97BD-0506CB1864F2}.Debug|Any CPU.ActiveCfg = Debug|Any CPU
		{FCC4BE32-8E44-4A42-97BD-0506CB1864F2}.Debug|Any CPU.Build.0 = Debug|Any CPU
		{FCC4BE32-8E44-4A42-97BD-0506CB1864F2}.Release|Any CPU.ActiveCfg = Release|Any CPU
		{FCC4BE32-8E44-4A42-97BD-0506CB1864F2}.Release|Any CPU.Build.0 = Release|Any CPU
	EndGlobalSection
	GlobalSection(SolutionProperties) = preSolution
		HideSolutionNode = FALSE
	EndGlobalSection
	GlobalSection(ExtensibilityGlobals) = postSolution
		SolutionGuid = {7BB9DEF8-977B-48F7-8D1A-E4DD33093B82}
	EndGlobalSection
EndGlobal
