
Microsoft Visual Studio Solution File, Format Version 12.00
# Visual Studio Version 16
VisualStudioVersion = 16.0.33529.622
MinimumVisualStudioVersion = 10.0.40219.1
Project("{FAE04EC0-301F-11D3-BF4B-00C04F79EFBC}") = "WPF_Taschenrechner_Kofler", "WPF_Taschenrechner_Kofler.csproj", "{26ADB848-5F83-4A04-9F4D-24DD8247958A}"
EndProject
Global
	GlobalSection(SolutionConfigurationPlatforms) = preSolution
		Debug|Any CPU = Debug|Any CPU
		Release|Any CPU = Release|Any CPU
	EndGlobalSection
	GlobalSection(ProjectConfigurationPlatforms) = postSolution
		{26ADB848-5F83-4A04-9F4D-24DD8247958A}.Debug|Any CPU.ActiveCfg = Debug|Any CPU
		{26ADB848-5F83-4A04-9F4D-24DD8247958A}.Debug|Any CPU.Build.0 = Debug|Any CPU
		{26ADB848-5F83-4A04-9F4D-24DD8247958A}.Release|Any CPU.ActiveCfg = Release|Any CPU
		{26ADB848-5F83-4A04-9F4D-24DD8247958A}.Release|Any CPU.Build.0 = Release|Any CPU
	EndGlobalSection
	GlobalSection(SolutionProperties) = preSolution
		HideSolutionNode = FALSE
	EndGlobalSection
	GlobalSection(ExtensibilityGlobals) = postSolution
		SolutionGuid = {5A82CAC3-852C-496C-858A-9DCE956630D2}
	EndGlobalSection
EndGlobal
