
Microsoft Visual Studio Solution File, Format Version 12.00
# Visual Studio Version 16
VisualStudioVersion = 16.0.33801.447
MinimumVisualStudioVersion = 10.0.40219.1
Project("{FAE04EC0-301F-11D3-BF4B-00C04F79EFBC}") = "StreamFile_Test", "StreamFile_Test.csproj", "{21055967-DD84-45E2-9A76-BB18A3556C93}"
EndProject
Global
	GlobalSection(SolutionConfigurationPlatforms) = preSolution
		Debug|Any CPU = Debug|Any CPU
		Release|Any CPU = Release|Any CPU
	EndGlobalSection
	GlobalSection(ProjectConfigurationPlatforms) = postSolution
		{21055967-DD84-45E2-9A76-BB18A3556C93}.Debug|Any CPU.ActiveCfg = Debug|Any CPU
		{21055967-DD84-45E2-9A76-BB18A3556C93}.Debug|Any CPU.Build.0 = Debug|Any CPU
		{21055967-DD84-45E2-9A76-BB18A3556C93}.Release|Any CPU.ActiveCfg = Release|Any CPU
		{21055967-DD84-45E2-9A76-BB18A3556C93}.Release|Any CPU.Build.0 = Release|Any CPU
	EndGlobalSection
	GlobalSection(SolutionProperties) = preSolution
		HideSolutionNode = FALSE
	EndGlobalSection
	GlobalSection(ExtensibilityGlobals) = postSolution
		SolutionGuid = {3E579422-3C77-4DA0-87A7-AD5F31AFAF9F}
	EndGlobalSection
EndGlobal
