
Microsoft Visual Studio Solution File, Format Version 12.00
# Visual Studio Version 16
VisualStudioVersion = 16.0.31205.134
MinimumVisualStudioVersion = 10.0.40219.1
Project("{FAE04EC0-301F-11D3-BF4B-00C04F79EFBC}") = "Taschenrechner", "Taschenrechner.csproj", "{B61DCB52-5EE8-4331-A12D-A3BA8948F073}"
EndProject
Project("{FAE04EC0-301F-11D3-BF4B-00C04F79EFBC}") = "Taschenrechner1", "..\Taschenrechner1\Taschenrechner1.csproj", "{13C6EEE7-A5F9-46D4-B320-A9AEE16A432B}"
EndProject
Global
	GlobalSection(SolutionConfigurationPlatforms) = preSolution
		Debug|Any CPU = Debug|Any CPU
		Release|Any CPU = Release|Any CPU
	EndGlobalSection
	GlobalSection(ProjectConfigurationPlatforms) = postSolution
		{B61DCB52-5EE8-4331-A12D-A3BA8948F073}.Debug|Any CPU.ActiveCfg = Debug|Any CPU
		{B61DCB52-5EE8-4331-A12D-A3BA8948F073}.Debug|Any CPU.Build.0 = Debug|Any CPU
		{B61DCB52-5EE8-4331-A12D-A3BA8948F073}.Release|Any CPU.ActiveCfg = Release|Any CPU
		{B61DCB52-5EE8-4331-A12D-A3BA8948F073}.Release|Any CPU.Build.0 = Release|Any CPU
		{13C6EEE7-A5F9-46D4-B320-A9AEE16A432B}.Debug|Any CPU.ActiveCfg = Debug|Any CPU
		{13C6EEE7-A5F9-46D4-B320-A9AEE16A432B}.Debug|Any CPU.Build.0 = Debug|Any CPU
		{13C6EEE7-A5F9-46D4-B320-A9AEE16A432B}.Release|Any CPU.ActiveCfg = Release|Any CPU
		{13C6EEE7-A5F9-46D4-B320-A9AEE16A432B}.Release|Any CPU.Build.0 = Release|Any CPU
	EndGlobalSection
	GlobalSection(SolutionProperties) = preSolution
		HideSolutionNode = FALSE
	EndGlobalSection
	GlobalSection(ExtensibilityGlobals) = postSolution
		SolutionGuid = {D40A5611-1FBE-4D8C-BD0B-76EC28127B8A}
	EndGlobalSection
EndGlobal
