
Microsoft Visual Studio Solution File, Format Version 12.00
# Visual Studio Version 16
VisualStudioVersion = 16.0.31613.86
MinimumVisualStudioVersion = 10.0.40219.1
Project("{FAE04EC0-301F-11D3-BF4B-00C04F79EFBC}") = "WPF_Wuerfelspiel", "WPF_Wuerfelspiel.csproj", "{7F859B70-6C7B-4F3B-9788-A195B7CB72AD}"
EndProject
Global
	GlobalSection(SolutionConfigurationPlatforms) = preSolution
		Debug|Any CPU = Debug|Any CPU
		Release|Any CPU = Release|Any CPU
	EndGlobalSection
	GlobalSection(ProjectConfigurationPlatforms) = postSolution
		{7F859B70-6C7B-4F3B-9788-A195B7CB72AD}.Debug|Any CPU.ActiveCfg = Debug|Any CPU
		{7F859B70-6C7B-4F3B-9788-A195B7CB72AD}.Debug|Any CPU.Build.0 = Debug|Any CPU
		{7F859B70-6C7B-4F3B-9788-A195B7CB72AD}.Release|Any CPU.ActiveCfg = Release|Any CPU
		{7F859B70-6C7B-4F3B-9788-A195B7CB72AD}.Release|Any CPU.Build.0 = Release|Any CPU
	EndGlobalSection
	GlobalSection(SolutionProperties) = preSolution
		HideSolutionNode = FALSE
	EndGlobalSection
	GlobalSection(ExtensibilityGlobals) = postSolution
		SolutionGuid = {D79B587C-7439-4515-B459-D1D966EC64E3}
	EndGlobalSection
EndGlobal
