
Microsoft Visual Studio Solution File, Format Version 12.00
# Visual Studio Version 17
VisualStudioVersion = 17.7.34024.191
MinimumVisualStudioVersion = 10.0.40219.1
Project("{FAE04EC0-301F-11D3-BF4B-00C04F79EFBC}") = "Fußball 3", "Fußball 3.csproj", "{74122BED-1976-4FDF-AFC9-9CD39D470CEA}"
EndProject
Global
	GlobalSection(SolutionConfigurationPlatforms) = preSolution
		Debug|Any CPU = Debug|Any CPU
		Release|Any CPU = Release|Any CPU
	EndGlobalSection
	GlobalSection(ProjectConfigurationPlatforms) = postSolution
		{74122BED-1976-4FDF-AFC9-9CD39D470CEA}.Debug|Any CPU.ActiveCfg = Debug|Any CPU
		{74122BED-1976-4FDF-AFC9-9CD39D470CEA}.Debug|Any CPU.Build.0 = Debug|Any CPU
		{74122BED-1976-4FDF-AFC9-9CD39D470CEA}.Release|Any CPU.ActiveCfg = Release|Any CPU
		{74122BED-1976-4FDF-AFC9-9CD39D470CEA}.Release|Any CPU.Build.0 = Release|Any CPU
	EndGlobalSection
	GlobalSection(SolutionProperties) = preSolution
		HideSolutionNode = FALSE
	EndGlobalSection
	GlobalSection(ExtensibilityGlobals) = postSolution
		SolutionGuid = {C2465997-4337-4207-8CB3-C0D51C9D3833}
	EndGlobalSection
EndGlobal
