
Microsoft Visual Studio Solution File, Format Version 12.00
# Visual Studio Version 17
VisualStudioVersion = 17.10.35004.147
MinimumVisualStudioVersion = 10.0.40219.1
Project("{FAE04EC0-301F-11D3-BF4B-00C04F79EFBC}") = "UltraKaffee", "UltraKaffee.csproj", "{E9D638CB-AB4F-4DEA-8EC0-3306CFD12670}"
EndProject
Global
	GlobalSection(SolutionConfigurationPlatforms) = preSolution
		Debug|Any CPU = Debug|Any CPU
		Release|Any CPU = Release|Any CPU
	EndGlobalSection
	GlobalSection(ProjectConfigurationPlatforms) = postSolution
		{E9D638CB-AB4F-4DEA-8EC0-3306CFD12670}.Debug|Any CPU.ActiveCfg = Debug|Any CPU
		{E9D638CB-AB4F-4DEA-8EC0-3306CFD12670}.Debug|Any CPU.Build.0 = Debug|Any CPU
		{E9D638CB-AB4F-4DEA-8EC0-3306CFD12670}.Release|Any CPU.ActiveCfg = Release|Any CPU
		{E9D638CB-AB4F-4DEA-8EC0-3306CFD12670}.Release|Any CPU.Build.0 = Release|Any CPU
	EndGlobalSection
	GlobalSection(SolutionProperties) = preSolution
		HideSolutionNode = FALSE
	EndGlobalSection
	GlobalSection(ExtensibilityGlobals) = postSolution
		SolutionGuid = {F1EC8583-F610-410C-AF87-E7C0850CF683}
	EndGlobalSection
EndGlobal
