
Microsoft Visual Studio Solution File, Format Version 12.00
# Visual Studio Version 17
VisualStudioVersion = 17.4.33110.190
MinimumVisualStudioVersion = 10.0.40219.1
Project("{FAE04EC0-301F-11D3-BF4B-00C04F79EFBC}") = "Blackjack_WPF", "Blackjack_WPF.csproj", "{24C2BF41-33D4-4D73-B938-433B5748179F}"
EndProject
Global
	GlobalSection(SolutionConfigurationPlatforms) = preSolution
		Debug|Any CPU = Debug|Any CPU
		Release|Any CPU = Release|Any CPU
	EndGlobalSection
	GlobalSection(ProjectConfigurationPlatforms) = postSolution
		{24C2BF41-33D4-4D73-B938-433B5748179F}.Debug|Any CPU.ActiveCfg = Debug|Any CPU
		{24C2BF41-33D4-4D73-B938-433B5748179F}.Debug|Any CPU.Build.0 = Debug|Any CPU
		{24C2BF41-33D4-4D73-B938-433B5748179F}.Release|Any CPU.ActiveCfg = Release|Any CPU
		{24C2BF41-33D4-4D73-B938-433B5748179F}.Release|Any CPU.Build.0 = Release|Any CPU
	EndGlobalSection
	GlobalSection(SolutionProperties) = preSolution
		HideSolutionNode = FALSE
	EndGlobalSection
	GlobalSection(ExtensibilityGlobals) = postSolution
		SolutionGuid = {22D1D0A3-351C-4646-9C15-B82CBC0548AE}
	EndGlobalSection
EndGlobal
